
Microsoft Visual Studio Solution File, Format Version 12.00
# Visual Studio Version 16
VisualStudioVersion = 16.0.29230.61
MinimumVisualStudioVersion = 10.0.40219.1
Project("{9A19103F-16F7-4668-BE54-9A1E7A4F7556}") = "AngleSharp.Diffing", "AngleSharp.Diffing\AngleSharp.Diffing.csproj", "{2BFFA992-22C2-4A65-94D8-CA06E81D2364}"
EndProject
Project("{9A19103F-16F7-4668-BE54-9A1E7A4F7556}") = "AngleSharp.DiffingTests", "AngleSharp.Diffing.Tests\AngleSharp.DiffingTests.csproj", "{18203D98-66B4-4736-B79A-3B7D02EFA9E8}"
EndProject
Project("{2150E333-8FDC-42A3-9474-1A3956D46DE8}") = "Solution Items", "Solution Items", "{E8E3C8B4-92C3-4DB7-B920-D28651E24A57}"
	ProjectSection(SolutionItems) = preProject
		..\.editorconfig = ..\.editorconfig
		..\tools\anglesharp.cake = ..\tools\anglesharp.cake
		AngleSharp.Diffing.nuspec = AngleSharp.Diffing.nuspec
		..\build.cake = ..\build.cake
		..\build.ps1 = ..\build.ps1
		Directory.Build.props = Directory.Build.props
	EndProjectSection
EndProject
Project("{2150E333-8FDC-42A3-9474-1A3956D46DE8}") = "docs", "docs", "{166F21F6-7277-4948-830B-59FA32F8A74D}"
	ProjectSection(SolutionItems) = preProject
		..\CHANGELOG.md = ..\CHANGELOG.md
		..\docs\CustomOptions.md = ..\docs\CustomOptions.md
		..\docs\DiffingEngineInternals.md = ..\docs\DiffingEngineInternals.md
		..\docs\Options.md = ..\docs\Options.md
		..\README.md = ..\README.md
	EndProjectSection
EndProject
Global
	GlobalSection(SolutionConfigurationPlatforms) = preSolution
		Debug|Any CPU = Debug|Any CPU
		Release|Any CPU = Release|Any CPU
	EndGlobalSection
	GlobalSection(ProjectConfigurationPlatforms) = postSolution
		{2BFFA992-22C2-4A65-94D8-CA06E81D2364}.Debug|Any CPU.ActiveCfg = Debug|Any CPU
		{2BFFA992-22C2-4A65-94D8-CA06E81D2364}.Debug|Any CPU.Build.0 = Debug|Any CPU
		{2BFFA992-22C2-4A65-94D8-CA06E81D2364}.Release|Any CPU.ActiveCfg = Release|Any CPU
		{2BFFA992-22C2-4A65-94D8-CA06E81D2364}.Release|Any CPU.Build.0 = Release|Any CPU
		{18203D98-66B4-4736-B79A-3B7D02EFA9E8}.Debug|Any CPU.ActiveCfg = Debug|Any CPU
		{18203D98-66B4-4736-B79A-3B7D02EFA9E8}.Debug|Any CPU.Build.0 = Debug|Any CPU
		{18203D98-66B4-4736-B79A-3B7D02EFA9E8}.Release|Any CPU.ActiveCfg = Release|Any CPU
		{18203D98-66B4-4736-B79A-3B7D02EFA9E8}.Release|Any CPU.Build.0 = Release|Any CPU
	EndGlobalSection
	GlobalSection(SolutionProperties) = preSolution
		HideSolutionNode = FALSE
	EndGlobalSection
	GlobalSection(ExtensibilityGlobals) = postSolution
		SolutionGuid = {E0888B07-BCA3-4EB1-A07C-DB309D0FD1CF}
	EndGlobalSection
EndGlobal
